PODS:
  - ArcGIS-Runtime-SDK-iOS (100.4)
  - SnapKit (4.0.1)

DEPENDENCIES:
  - ArcGIS-Runtime-SDK-iOS (= 100.4)
  - SnapKit (~> 4.0.0)

SPEC REPOS:
  https://github.com/cocoapods/specs.git:
    - ArcGIS-Runtime-SDK-iOS
    - SnapKit

SPEC CHECKSUMS:
  ArcGIS-Runtime-SDK-iOS: 3e3f7480fe2a3b0c094ed57977cab1482e81ec6f
  SnapKit: 0de968a9fec17499afa29683b05d0c775b6d1c29

PODFILE CHECKSUM: a4f6a2a4d306656cd73486965f798a85246c3897

COCOAPODS: 1.6.0
