PODS:
  - Alamofire (5.0.0-beta.2)
  - ArcGIS-Runtime-SDK-iOS (100.4)
  - ReactiveCocoa (8.0.2):
    - ReactiveSwift (~> 4.0)
  - ReactiveSwift (4.0.0):
    - Result (~> 4.0)
  - Result (4.1.0)
  - SnapKit (4.0.1)

DEPENDENCIES:
  - Alamofire (~> 5.0.0-beta.2)
  - ArcGIS-Runtime-SDK-iOS (= 100.4)
  - ReactiveCocoa (~> 8.0)
  - SnapKit (~> 4.0.0)

SPEC REPOS:
  https://github.com/cocoapods/specs.git:
    - Alamofire
    - ArcGIS-Runtime-SDK-iOS
    - ReactiveCocoa
    - ReactiveSwift
    - Result
    - SnapKit

SPEC CHECKSUMS:
  Alamofire: d1e5493588babe3e7b56ae29e8032942f4de09fe
  ArcGIS-Runtime-SDK-iOS: 3e3f7480fe2a3b0c094ed57977cab1482e81ec6f
  ReactiveCocoa: fbd26e9ba60e98417ee47433e59465a98ed9da0f
  ReactiveSwift: a2bb9ace428a109e9c0209615645d9d286c8c433
  Result: bd966fac789cc6c1563440b348ab2598cc24d5c7
  SnapKit: 0de968a9fec17499afa29683b05d0c775b6d1c29

PODFILE CHECKSUM: 44f1b59dc23df7947f1d3d1d7450442bebcab758

COCOAPODS: 1.6.0
